
Microsoft Visual Studio Solution File, Format Version 12.00
# Visual Studio Version 16
VisualStudioVersion = 16.0.31729.503
MinimumVisualStudioVersion = 10.0.40219.1
Project("{FAE04EC0-301F-11D3-BF4B-00C04F79EFBC}") = "Notes.Android", "Notes\Notes.Android\Notes.Android.csproj", "{9B65BB66-AD59-4DBD-969D-A558312807E4}"
EndProject
Project("{FAE04EC0-301F-11D3-BF4B-00C04F79EFBC}") = "Notes.iOS", "Notes\Notes.iOS\Notes.iOS.csproj", "{EF41430B-5C68-47B8-ABB2-CFB82F4EFBCF}"
EndProject
Project("{FAE04EC0-301F-11D3-BF4B-00C04F79EFBC}") = "Notes", "Notes\Notes\Notes.csproj", "{31C5B744-5085-41D2-988F-27D333E06376}"
EndProject
Global
	GlobalSection(SolutionConfigurationPlatforms) = preSolution
		Debug|Any CPU = Debug|Any CPU
		Debug|iPhone = Debug|iPhone
		Debug|iPhoneSimulator = Debug|iPhoneSimulator
		Release|Any CPU = Release|Any CPU
		Release|iPhone = Release|iPhone
		Release|iPhoneSimulator = Release|iPhoneSimulator
	EndGlobalSection
	GlobalSection(ProjectConfigurationPlatforms) = postSolution
		{9B65BB66-AD59-4DBD-969D-A558312807E4}.Debug|Any CPU.ActiveCfg = Debug|Any CPU
		{9B65BB66-AD59-4DBD-969D-A558312807E4}.Debug|Any CPU.Build.0 = Debug|Any CPU
		{9B65BB66-AD59-4DBD-969D-A558312807E4}.Debug|Any CPU.Deploy.0 = Debug|Any CPU
		{9B65BB66-AD59-4DBD-969D-A558312807E4}.Debug|iPhone.ActiveCfg = Debug|Any CPU
		{9B65BB66-AD59-4DBD-969D-A558312807E4}.Debug|iPhone.Build.0 = Debug|Any CPU
		{9B65BB66-AD59-4DBD-969D-A558312807E4}.Debug|iPhone.Deploy.0 = Debug|Any CPU
		{9B65BB66-AD59-4DBD-969D-A558312807E4}.Debug|iPhoneSimulator.ActiveCfg = Debug|Any CPU
		{9B65BB66-AD59-4DBD-969D-A558312807E4}.Debug|iPhoneSimulator.Build.0 = Debug|Any CPU
		{9B65BB66-AD59-4DBD-969D-A558312807E4}.Debug|iPhoneSimulator.Deploy.0 = Debug|Any CPU
		{9B65BB66-AD59-4DBD-969D-A558312807E4}.Release|Any CPU.ActiveCfg = Release|Any CPU
		{9B65BB66-AD59-4DBD-969D-A558312807E4}.Release|Any CPU.Build.0 = Release|Any CPU
		{9B65BB66-AD59-4DBD-969D-A558312807E4}.Release|Any CPU.Deploy.0 = Release|Any CPU
		{9B65BB66-AD59-4DBD-969D-A558312807E4}.Release|iPhone.ActiveCfg = Release|Any CPU
		{9B65BB66-AD59-4DBD-969D-A558312807E4}.Release|iPhone.Build.0 = Release|Any CPU
		{9B65BB66-AD59-4DBD-969D-A558312807E4}.Release|iPhone.Deploy.0 = Release|Any CPU
		{9B65BB66-AD59-4DBD-969D-A558312807E4}.Release|iPhoneSimulator.ActiveCfg = Release|Any CPU
		{9B65BB66-AD59-4DBD-969D-A558312807E4}.Release|iPhoneSimulator.Build.0 = Release|Any CPU
		{9B65BB66-AD59-4DBD-969D-A558312807E4}.Release|iPhoneSimulator.Deploy.0 = Release|Any CPU
		{EF41430B-5C68-47B8-ABB2-CFB82F4EFBCF}.Debug|Any CPU.ActiveCfg = Debug|iPhone
		{EF41430B-5C68-47B8-ABB2-CFB82F4EFBCF}.Debug|Any CPU.Build.0 = Debug|iPhone
		{EF41430B-5C68-47B8-ABB2-CFB82F4EFBCF}.Debug|Any CPU.Deploy.0 = Debug|iPhone
		{EF41430B-5C68-47B8-ABB2-CFB82F4EFBCF}.Debug|iPhone.ActiveCfg = Debug|iPhone
		{EF41430B-5C68-47B8-ABB2-CFB82F4EFBCF}.Debug|iPhone.Build.0 = Debug|iPhone
		{EF41430B-5C68-47B8-ABB2-CFB82F4EFBCF}.Debug|iPhone.Deploy.0 = Debug|iPhone
		{EF41430B-5C68-47B8-ABB2-CFB82F4EFBCF}.Debug|iPhoneSimulator.ActiveCfg = Debug|iPhoneSimulator
		{EF41430B-5C68-47B8-ABB2-CFB82F4EFBCF}.Debug|iPhoneSimulator.Build.0 = Debug|iPhoneSimulator
		{EF41430B-5C68-47B8-ABB2-CFB82F4EFBCF}.Debug|iPhoneSimulator.Deploy.0 = Debug|iPhoneSimulator
		{EF41430B-5C68-47B8-ABB2-CFB82F4EFBCF}.Release|Any CPU.ActiveCfg = Release|iPhoneSimulator
		{EF41430B-5C68-47B8-ABB2-CFB82F4EFBCF}.Release|Any CPU.Build.0 = Release|iPhoneSimulator
		{EF41430B-5C68-47B8-ABB2-CFB82F4EFBCF}.Release|Any CPU.Deploy.0 = Release|iPhoneSimulator
		{EF41430B-5C68-47B8-ABB2-CFB82F4EFBCF}.Release|iPhone.ActiveCfg = Release|iPhone
		{EF41430B-5C68-47B8-ABB2-CFB82F4EFBCF}.Release|iPhone.Build.0 = Release|iPhone
		{EF41430B-5C68-47B8-ABB2-CFB82F4EFBCF}.Release|iPhone.Deploy.0 = Release|iPhone
		{EF41430B-5C68-47B8-ABB2-CFB82F4EFBCF}.Release|iPhoneSimulator.ActiveCfg = Release|iPhoneSimulator
		{EF41430B-5C68-47B8-ABB2-CFB82F4EFBCF}.Release|iPhoneSimulator.Build.0 = Release|iPhoneSimulator
		{EF41430B-5C68-47B8-ABB2-CFB82F4EFBCF}.Release|iPhoneSimulator.Deploy.0 = Release|iPhoneSimulator
		{31C5B744-5085-41D2-988F-27D333E06376}.Debug|Any CPU.ActiveCfg = Debug|Any CPU
		{31C5B744-5085-41D2-988F-27D333E06376}.Debug|Any CPU.Build.0 = Debug|Any CPU
		{31C5B744-5085-41D2-988F-27D333E06376}.Debug|Any CPU.Deploy.0 = Debug|Any CPU
		{31C5B744-5085-41D2-988F-27D333E06376}.Debug|iPhone.ActiveCfg = Debug|Any CPU
		{31C5B744-5085-41D2-988F-27D333E06376}.Debug|iPhone.Build.0 = Debug|Any CPU
		{31C5B744-5085-41D2-988F-27D333E06376}.Debug|iPhone.Deploy.0 = Debug|Any CPU
		{31C5B744-5085-41D2-988F-27D333E06376}.Debug|iPhoneSimulator.ActiveCfg = Debug|Any CPU
		{31C5B744-5085-41D2-988F-27D333E06376}.Debug|iPhoneSimulator.Build.0 = Debug|Any CPU
		{31C5B744-5085-41D2-988F-27D333E06376}.Debug|iPhoneSimulator.Deploy.0 = Debug|Any CPU
		{31C5B744-5085-41D2-988F-27D333E06376}.Release|Any CPU.ActiveCfg = Release|Any CPU
		{31C5B744-5085-41D2-988F-27D333E06376}.Release|Any CPU.Build.0 = Release|Any CPU
		{31C5B744-5085-41D2-988F-27D333E06376}.Release|Any CPU.Deploy.0 = Release|Any CPU
		{31C5B744-5085-41D2-988F-27D333E06376}.Release|iPhone.ActiveCfg = Release|Any CPU
		{31C5B744-5085-41D2-988F-27D333E06376}.Release|iPhone.Build.0 = Release|Any CPU
		{31C5B744-5085-41D2-988F-27D333E06376}.Release|iPhone.Deploy.0 = Release|Any CPU
		{31C5B744-5085-41D2-988F-27D333E06376}.Release|iPhoneSimulator.ActiveCfg = Release|Any CPU
		{31C5B744-5085-41D2-988F-27D333E06376}.Release|iPhoneSimulator.Build.0 = Release|Any CPU
		{31C5B744-5085-41D2-988F-27D333E06376}.Release|iPhoneSimulator.Deploy.0 = Release|Any CPU
	EndGlobalSection
	GlobalSection(SolutionProperties) = preSolution
		HideSolutionNode = FALSE
	EndGlobalSection
	GlobalSection(ExtensibilityGlobals) = postSolution
		SolutionGuid = {ECC40F0F-772D-45A6-AF9F-DE9424E30939}
	EndGlobalSection
EndGlobal
